
Microsoft Visual Studio Solution File, Format Version 12.00
# Visual Studio 15
Project("{FAE04EC0-301F-11D3-BF4B-00C04F79EFBC}") = "Assembly-CSharp", "Assembly-CSharp.csproj", "{DCEC57E8-8331-D5EB-495B-545899C7D986}"
EndProject
Project("{FAE04EC0-301F-11D3-BF4B-00C04F79EFBC}") = "Assembly-CSharp-firstpass", "Assembly-CSharp-firstpass.csproj", "{635411EC-CC24-98A3-9A9F-6FD564FA3178}"
EndProject
Project("{FAE04EC0-301F-11D3-BF4B-00C04F79EFBC}") = "Assembly-CSharp-Editor", "Assembly-CSharp-Editor.csproj", "{2CDD553B-10F7-471C-CC72-58FC60D4B5B9}"
EndProject
Global
	GlobalSection(SolutionConfigurationPlatforms) = preSolution
		Debug|Any CPU = Debug|Any CPU
		Release|Any CPU = Release|Any CPU
	EndGlobalSection
	GlobalSection(ProjectConfigurationPlatforms) = postSolution
		{DCEC57E8-8331-D5EB-495B-545899C7D986}.Debug|Any CPU.ActiveCfg = Debug|Any CPU
		{DCEC57E8-8331-D5EB-495B-545899C7D986}.Debug|Any CPU.Build.0 = Debug|Any CPU
		{DCEC57E8-8331-D5EB-495B-545899C7D986}.Release|Any CPU.ActiveCfg = Release|Any CPU
		{DCEC57E8-8331-D5EB-495B-545899C7D986}.Release|Any CPU.Build.0 = Release|Any CPU
		{635411EC-CC24-98A3-9A9F-6FD564FA3178}.Debug|Any CPU.ActiveCfg = Debug|Any CPU
		{635411EC-CC24-98A3-9A9F-6FD564FA3178}.Debug|Any CPU.Build.0 = Debug|Any CPU
		{635411EC-CC24-98A3-9A9F-6FD564FA3178}.Release|Any CPU.ActiveCfg = Release|Any CPU
		{635411EC-CC24-98A3-9A9F-6FD564FA3178}.Release|Any CPU.Build.0 = Release|Any CPU
		{2CDD553B-10F7-471C-CC72-58FC60D4B5B9}.Debug|Any CPU.ActiveCfg = Debug|Any CPU
		{2CDD553B-10F7-471C-CC72-58FC60D4B5B9}.Debug|Any CPU.Build.0 = Debug|Any CPU
		{2CDD553B-10F7-471C-CC72-58FC60D4B5B9}.Release|Any CPU.ActiveCfg = Release|Any CPU
		{2CDD553B-10F7-471C-CC72-58FC60D4B5B9}.Release|Any CPU.Build.0 = Release|Any CPU
	EndGlobalSection
	GlobalSection(SolutionProperties) = preSolution
		HideSolutionNode = FALSE
	EndGlobalSection
EndGlobal
